{
  "upstream": "d462be3eea1c2beb3cd1028186ab8dcfe2064333",
  "source": "git@github.com:braidkit/ops.git",
  "files": {
    "docs/stylesheets/braid-tokens.css": "149c38721c10ba575e20f662e909bf3831cbf6d1f9be61bd54e68664db099c67",
    "docs/assets/brand/icons/icon.svg": "0e2326fcaac2deb3017333bb716f4cea390343bcdcfea224adc06096b25e8a3d",
    "docs/assets/brand/icons/favicon.ico": "fcc16fc32a64132817ccdb094f6103dbb7f3bc29de2c76cc2fa59d8bd3085ee1",
    "docs/assets/brand/icons/apple-touch-icon.png": "5a8aa323caf071889643c6cfb995f18b2d869bb466b8147f911db98dba491a2b",
    "docs/assets/fonts/archivo-variable.woff2": "7150c0ec5ad356453013d11affec1fbab95de0dd2dcecb043b4f1cb7f87c4ba4",
    "docs/assets/fonts/jetbrains-mono.woff2": "d3dcdccdaba31643defe2317942155d4af3ee03951d058adbe8bc02b13e61b0a",
    "docs/assets/fonts/OFL.txt": "5843a692aa2ebab7321d8551718422280a7141dfc5a254bd6ff8fcc40dc75783"
  }
}
